
Microsoft Visual Studio Solution File, Format Version 12.00
# Visual Studio Version 17
VisualStudioVersion = 17.8.34309.116
MinimumVisualStudioVersion = 10.0.40219.1
Project("{FAE04EC0-301F-11D3-BF4B-00C04F79EFBC}") = "ConsoleApp1", "ConsoleApp1.csproj", "{67CE2189-8391-4AE1-88F4-FB2C8B7E5F0E}"
EndProject
Global
	GlobalSection(SolutionConfigurationPlatforms) = preSolution
		Debug|Any CPU = Debug|Any CPU
		Release|Any CPU = Release|Any CPU
	EndGlobalSection
	GlobalSection(ProjectConfigurationPlatforms) = postSolution
		{67CE2189-8391-4AE1-88F4-FB2C8B7E5F0E}.Debug|Any CPU.ActiveCfg = Debug|Any CPU
		{67CE2189-8391-4AE1-88F4-FB2C8B7E5F0E}.Debug|Any CPU.Build.0 = Debug|Any CPU
		{67CE2189-8391-4AE1-88F4-FB2C8B7E5F0E}.Release|Any CPU.ActiveCfg = Release|Any CPU
		{67CE2189-8391-4AE1-88F4-FB2C8B7E5F0E}.Release|Any CPU.Build.0 = Release|Any CPU
	EndGlobalSection
	GlobalSection(SolutionProperties) = preSolution
		HideSolutionNode = FALSE
	EndGlobalSection
	GlobalSection(ExtensibilityGlobals) = postSolution
		SolutionGuid = {9D7EDC9F-F478-439E-BD51-D2DBA199A043}
	EndGlobalSection
EndGlobal
